
Microsoft Visual Studio Solution File, Format Version 12.00
# Visual Studio Version 17
VisualStudioVersion = 17.14.36518.9
MinimumVisualStudioVersion = 10.0.40219.1
Project("{FAE04EC0-301F-11D3-BF4B-00C04F79EFBC}") = "PefisdeInvestimento.AppHost", "PefisdeInvestimento.AppHost\PefisdeInvestimento.AppHost.csproj", "{B365D110-98B6-49BB-8CEF-49493D845E16}"
EndProject
Project("{FAE04EC0-301F-11D3-BF4B-00C04F79EFBC}") = "PefisdeInvestimento.ServiceDefaults", "PefisdeInvestimento.ServiceDefaults\PefisdeInvestimento.ServiceDefaults.csproj", "{6BD083E2-8009-7045-E707-DBCD966076D3}"
EndProject
Project("{FAE04EC0-301F-11D3-BF4B-00C04F79EFBC}") = "PerfisdeInvestimento.API", "PerfisdeInvestimento.API\PerfisdeInvestimento.API.csproj", "{66F8A804-3C32-1F5D-D697-ADF9958CD788}"
	ProjectSection(ProjectDependencies) = postProject
		{48B8D141-F092-4E1F-9AD8-4E3A8CAA85C4} = {48B8D141-F092-4E1F-9AD8-4E3A8CAA85C4}
		{B3F677D7-286F-4BFC-A9ED-7FD27F8C6153} = {B3F677D7-286F-4BFC-A9ED-7FD27F8C6153}
	EndProjectSection
EndProject
Project("{FAE04EC0-301F-11D3-BF4B-00C04F79EFBC}") = "PerfisdeInvestimento.Application", "PerfisdeInvestimento.Application\PerfisdeInvestimento.Application.csproj", "{B3F677D7-286F-4BFC-A9ED-7FD27F8C6153}"
	ProjectSection(ProjectDependencies) = postProject
		{9EF77674-2636-4E2B-9C1F-E2B46CA41D4C} = {9EF77674-2636-4E2B-9C1F-E2B46CA41D4C}
	EndProjectSection
EndProject
Project("{FAE04EC0-301F-11D3-BF4B-00C04F79EFBC}") = "PerfisdeInvestimento.Domain", "PerfisdeInvestimento.Domain\PerfisdeInvestimento.Domain.csproj", "{9EF77674-2636-4E2B-9C1F-E2B46CA41D4C}"
EndProject
Project("{FAE04EC0-301F-11D3-BF4B-00C04F79EFBC}") = "PerfisdeInvestimento.Infrastructure", "PerfisdeInvestimento.Infrastructure\PerfisdeInvestimento.Infrastructure.csproj", "{48B8D141-F092-4E1F-9AD8-4E3A8CAA85C4}"
	ProjectSection(ProjectDependencies) = postProject
		{9EF77674-2636-4E2B-9C1F-E2B46CA41D4C} = {9EF77674-2636-4E2B-9C1F-E2B46CA41D4C}
		{B3F677D7-286F-4BFC-A9ED-7FD27F8C6153} = {B3F677D7-286F-4BFC-A9ED-7FD27F8C6153}
	EndProjectSection
EndProject
Project("{2150E333-8FDC-42A3-9474-1A3956D46DE8}") = "tests", "tests", "{0AB3BF05-4346-4AA6-1389-037BE0695223}"
EndProject
Project("{FAE04EC0-301F-11D3-BF4B-00C04F79EFBC}") = "PerfisdeInvestimento.API.Tests", "tests\PerfisdeInvestimento.API.Tests\PerfisdeInvestimento.API.Tests.csproj", "{CB4032C7-FA2A-4787-AE9A-83CF133B91C1}"
EndProject
Project("{FAE04EC0-301F-11D3-BF4B-00C04F79EFBC}") = "PerfisdeInvestimento.Application.Tests", "tests\PerfisdeInvestimento.Application.Tests\PerfisdeInvestimento.Application.Tests.csproj", "{D34FE9AF-2C89-4C58-BF91-5BB880A499F1}"
EndProject
Project("{FAE04EC0-301F-11D3-BF4B-00C04F79EFBC}") = "PerfisdeInvestimento.Domain.Tests", "tests\PerfisdeInvestimento.Domain.Tests\PerfisdeInvestimento.Domain.Tests.csproj", "{5C8BD738-999B-4C18-B5A4-48144BF7E162}"
EndProject
Project("{FAE04EC0-301F-11D3-BF4B-00C04F79EFBC}") = "PerfisdeInvestimento.Infrastructure.Tests", "tests\PerfisdeInvestimento.Infrastructure.Tests\PerfisdeInvestimento.Infrastructure.Tests.csproj", "{95290DD8-CE09-4303-8BCC-2681DD2FFA54}"
EndProject
Project("{2150E333-8FDC-42A3-9474-1A3956D46DE8}") = "Itens de Solução", "Itens de Solução", "{380A7511-A354-6D7A-0CC0-8FA1F1BA7B6C}"
	ProjectSection(SolutionItems) = preProject
		docker-compose.yml = docker-compose.yml
	EndProjectSection
EndProject
Global
	GlobalSection(SolutionConfigurationPlatforms) = preSolution
		Debug|Any CPU = Debug|Any CPU
		Debug|x64 = Debug|x64
		Debug|x86 = Debug|x86
		Release|Any CPU = Release|Any CPU
		Release|x64 = Release|x64
		Release|x86 = Release|x86
	EndGlobalSection
	GlobalSection(ProjectConfigurationPlatforms) = postSolution
		{B365D110-98B6-49BB-8CEF-49493D845E16}.Debug|Any CPU.ActiveCfg = Debug|Any CPU
		{B365D110-98B6-49BB-8CEF-49493D845E16}.Debug|Any CPU.Build.0 = Debug|Any CPU
		{B365D110-98B6-49BB-8CEF-49493D845E16}.Debug|x64.ActiveCfg = Debug|Any CPU
		{B365D110-98B6-49BB-8CEF-49493D845E16}.Debug|x64.Build.0 = Debug|Any CPU
		{B365D110-98B6-49BB-8CEF-49493D845E16}.Debug|x86.ActiveCfg = Debug|Any CPU
		{B365D110-98B6-49BB-8CEF-49493D845E16}.Debug|x86.Build.0 = Debug|Any CPU
		{B365D110-98B6-49BB-8CEF-49493D845E16}.Release|Any CPU.ActiveCfg = Release|Any CPU
		{B365D110-98B6-49BB-8CEF-49493D845E16}.Release|Any CPU.Build.0 = Release|Any CPU
		{B365D110-98B6-49BB-8CEF-49493D845E16}.Release|x64.ActiveCfg = Release|Any CPU
		{B365D110-98B6-49BB-8CEF-49493D845E16}.Release|x64.Build.0 = Release|Any CPU
		{B365D110-98B6-49BB-8CEF-49493D845E16}.Release|x86.ActiveCfg = Release|Any CPU
		{B365D110-98B6-49BB-8CEF-49493D845E16}.Release|x86.Build.0 = Release|Any CPU
		{6BD083E2-8009-7045-E707-DBCD966076D3}.Debug|Any CPU.ActiveCfg = Debug|Any CPU
		{6BD083E2-8009-7045-E707-DBCD966076D3}.Debug|Any CPU.Build.0 = Debug|Any CPU
		{6BD083E2-8009-7045-E707-DBCD966076D3}.Debug|x64.ActiveCfg = Debug|Any CPU
		{6BD083E2-8009-7045-E707-DBCD966076D3}.Debug|x64.Build.0 = Debug|Any CPU
		{6BD083E2-8009-7045-E707-DBCD966076D3}.Debug|x86.ActiveCfg = Debug|Any CPU
		{6BD083E2-8009-7045-E707-DBCD966076D3}.Debug|x86.Build.0 = Debug|Any CPU
		{6BD083E2-8009-7045-E707-DBCD966076D3}.Release|Any CPU.ActiveCfg = Release|Any CPU
		{6BD083E2-8009-7045-E707-DBCD966076D3}.Release|Any CPU.Build.0 = Release|Any CPU
		{6BD083E2-8009-7045-E707-DBCD966076D3}.Release|x64.ActiveCfg = Release|Any CPU
		{6BD083E2-8009-7045-E707-DBCD966076D3}.Release|x64.Build.0 = Release|Any CPU
		{6BD083E2-8009-7045-E707-DBCD966076D3}.Release|x86.ActiveCfg = Release|Any CPU
		{6BD083E2-8009-7045-E707-DBCD966076D3}.Release|x86.Build.0 = Release|Any CPU
		{66F8A804-3C32-1F5D-D697-ADF9958CD788}.Debug|Any CPU.ActiveCfg = Debug|Any CPU
		{66F8A804-3C32-1F5D-D697-ADF9958CD788}.Debug|Any CPU.Build.0 = Debug|Any CPU
		{66F8A804-3C32-1F5D-D697-ADF9958CD788}.Debug|x64.ActiveCfg = Debug|Any CPU
		{66F8A804-3C32-1F5D-D697-ADF9958CD788}.Debug|x64.Build.0 = Debug|Any CPU
		{66F8A804-3C32-1F5D-D697-ADF9958CD788}.Debug|x86.ActiveCfg = Debug|Any CPU
		{66F8A804-3C32-1F5D-D697-ADF9958CD788}.Debug|x86.Build.0 = Debug|Any CPU
		{66F8A804-3C32-1F5D-D697-ADF9958CD788}.Release|Any CPU.ActiveCfg = Release|Any CPU
		{66F8A804-3C32-1F5D-D697-ADF9958CD788}.Release|Any CPU.Build.0 = Release|Any CPU
		{66F8A804-3C32-1F5D-D697-ADF9958CD788}.Release|x64.ActiveCfg = Release|Any CPU
		{66F8A804-3C32-1F5D-D697-ADF9958CD788}.Release|x64.Build.0 = Release|Any CPU
		{66F8A804-3C32-1F5D-D697-ADF9958CD788}.Release|x86.ActiveCfg = Release|Any CPU
		{66F8A804-3C32-1F5D-D697-ADF9958CD788}.Release|x86.Build.0 = Release|Any CPU
		{B3F677D7-286F-4BFC-A9ED-7FD27F8C6153}.Debug|Any CPU.ActiveCfg = Debug|Any CPU
		{B3F677D7-286F-4BFC-A9ED-7FD27F8C6153}.Debug|Any CPU.Build.0 = Debug|Any CPU
		{B3F677D7-286F-4BFC-A9ED-7FD27F8C6153}.Debug|x64.ActiveCfg = Debug|Any CPU
		{B3F677D7-286F-4BFC-A9ED-7FD27F8C6153}.Debug|x64.Build.0 = Debug|Any CPU
		{B3F677D7-286F-4BFC-A9ED-7FD27F8C6153}.Debug|x86.ActiveCfg = Debug|Any CPU
		{B3F677D7-286F-4BFC-A9ED-7FD27F8C6153}.Debug|x86.Build.0 = Debug|Any CPU
		{B3F677D7-286F-4BFC-A9ED-7FD27F8C6153}.Release|Any CPU.ActiveCfg = Release|Any CPU
		{B3F677D7-286F-4BFC-A9ED-7FD27F8C6153}.Release|Any CPU.Build.0 = Release|Any CPU
		{B3F677D7-286F-4BFC-A9ED-7FD27F8C6153}.Release|x64.ActiveCfg = Release|Any CPU
		{B3F677D7-286F-4BFC-A9ED-7FD27F8C6153}.Release|x64.Build.0 = Release|Any CPU
		{B3F677D7-286F-4BFC-A9ED-7FD27F8C6153}.Release|x86.ActiveCfg = Release|Any CPU
		{B3F677D7-286F-4BFC-A9ED-7FD27F8C6153}.Release|x86.Build.0 = Release|Any CPU
		{9EF77674-2636-4E2B-9C1F-E2B46CA41D4C}.Debug|Any CPU.ActiveCfg = Debug|Any CPU
		{9EF77674-2636-4E2B-9C1F-E2B46CA41D4C}.Debug|Any CPU.Build.0 = Debug|Any CPU
		{9EF77674-2636-4E2B-9C1F-E2B46CA41D4C}.Debug|x64.ActiveCfg = Debug|Any CPU
		{9EF77674-2636-4E2B-9C1F-E2B46CA41D4C}.Debug|x64.Build.0 = Debug|Any CPU
		{9EF77674-2636-4E2B-9C1F-E2B46CA41D4C}.Debug|x86.ActiveCfg = Debug|Any CPU
		{9EF77674-2636-4E2B-9C1F-E2B46CA41D4C}.Debug|x86.Build.0 = Debug|Any CPU
		{9EF77674-2636-4E2B-9C1F-E2B46CA41D4C}.Release|Any CPU.ActiveCfg = Release|Any CPU
		{9EF77674-2636-4E2B-9C1F-E2B46CA41D4C}.Release|Any CPU.Build.0 = Release|Any CPU
		{9EF77674-2636-4E2B-9C1F-E2B46CA41D4C}.Release|x64.ActiveCfg = Release|Any CPU
		{9EF77674-2636-4E2B-9C1F-E2B46CA41D4C}.Release|x64.Build.0 = Release|Any CPU
		{9EF77674-2636-4E2B-9C1F-E2B46CA41D4C}.Release|x86.ActiveCfg = Release|Any CPU
		{9EF77674-2636-4E2B-9C1F-E2B46CA41D4C}.Release|x86.Build.0 = Release|Any CPU
		{48B8D141-F092-4E1F-9AD8-4E3A8CAA85C4}.Debug|Any CPU.ActiveCfg = Debug|Any CPU
		{48B8D141-F092-4E1F-9AD8-4E3A8CAA85C4}.Debug|Any CPU.Build.0 = Debug|Any CPU
		{48B8D141-F092-4E1F-9AD8-4E3A8CAA85C4}.Debug|x64.ActiveCfg = Debug|Any CPU
		{48B8D141-F092-4E1F-9AD8-4E3A8CAA85C4}.Debug|x64.Build.0 = Debug|Any CPU
		{48B8D141-F092-4E1F-9AD8-4E3A8CAA85C4}.Debug|x86.ActiveCfg = Debug|Any CPU
		{48B8D141-F092-4E1F-9AD8-4E3A8CAA85C4}.Debug|x86.Build.0 = Debug|Any CPU
		{48B8D141-F092-4E1F-9AD8-4E3A8CAA85C4}.Release|Any CPU.ActiveCfg = Release|Any CPU
		{48B8D141-F092-4E1F-9AD8-4E3A8CAA85C4}.Release|Any CPU.Build.0 = Release|Any CPU
		{48B8D141-F092-4E1F-9AD8-4E3A8CAA85C4}.Release|x64.ActiveCfg = Release|Any CPU
		{48B8D141-F092-4E1F-9AD8-4E3A8CAA85C4}.Release|x64.Build.0 = Release|Any CPU
		{48B8D141-F092-4E1F-9AD8-4E3A8CAA85C4}.Release|x86.ActiveCfg = Release|Any CPU
		{48B8D141-F092-4E1F-9AD8-4E3A8CAA85C4}.Release|x86.Build.0 = Release|Any CPU
		{CB4032C7-FA2A-4787-AE9A-83CF133B91C1}.Debug|Any CPU.ActiveCfg = Debug|Any CPU
		{CB4032C7-FA2A-4787-AE9A-83CF133B91C1}.Debug|Any CPU.Build.0 = Debug|Any CPU
		{CB4032C7-FA2A-4787-AE9A-83CF133B91C1}.Debug|x64.ActiveCfg = Debug|Any CPU
		{CB4032C7-FA2A-4787-AE9A-83CF133B91C1}.Debug|x64.Build.0 = Debug|Any CPU
		{CB4032C7-FA2A-4787-AE9A-83CF133B91C1}.Debug|x86.ActiveCfg = Debug|Any CPU
		{CB4032C7-FA2A-4787-AE9A-83CF133B91C1}.Debug|x86.Build.0 = Debug|Any CPU
		{CB4032C7-FA2A-4787-AE9A-83CF133B91C1}.Release|Any CPU.ActiveCfg = Release|Any CPU
		{CB4032C7-FA2A-4787-AE9A-83CF133B91C1}.Release|Any CPU.Build.0 = Release|Any CPU
		{CB4032C7-FA2A-4787-AE9A-83CF133B91C1}.Release|x64.ActiveCfg = Release|Any CPU
		{CB4032C7-FA2A-4787-AE9A-83CF133B91C1}.Release|x64.Build.0 = Release|Any CPU
		{CB4032C7-FA2A-4787-AE9A-83CF133B91C1}.Release|x86.ActiveCfg = Release|Any CPU
		{CB4032C7-FA2A-4787-AE9A-83CF133B91C1}.Release|x86.Build.0 = Release|Any CPU
		{D34FE9AF-2C89-4C58-BF91-5BB880A499F1}.Debug|Any CPU.ActiveCfg = Debug|Any CPU
		{D34FE9AF-2C89-4C58-BF91-5BB880A499F1}.Debug|Any CPU.Build.0 = Debug|Any CPU
		{D34FE9AF-2C89-4C58-BF91-5BB880A499F1}.Debug|x64.ActiveCfg = Debug|Any CPU
		{D34FE9AF-2C89-4C58-BF91-5BB880A499F1}.Debug|x64.Build.0 = Debug|Any CPU
		{D34FE9AF-2C89-4C58-BF91-5BB880A499F1}.Debug|x86.ActiveCfg = Debug|Any CPU
		{D34FE9AF-2C89-4C58-BF91-5BB880A499F1}.Debug|x86.Build.0 = Debug|Any CPU
		{D34FE9AF-2C89-4C58-BF91-5BB880A499F1}.Release|Any CPU.ActiveCfg = Release|Any CPU
		{D34FE9AF-2C89-4C58-BF91-5BB880A499F1}.Release|Any CPU.Build.0 = Release|Any CPU
		{D34FE9AF-2C89-4C58-BF91-5BB880A499F1}.Release|x64.ActiveCfg = Release|Any CPU
		{D34FE9AF-2C89-4C58-BF91-5BB880A499F1}.Release|x64.Build.0 = Release|Any CPU
		{D34FE9AF-2C89-4C58-BF91-5BB880A499F1}.Release|x86.ActiveCfg = Release|Any CPU
		{D34FE9AF-2C89-4C58-BF91-5BB880A499F1}.Release|x86.Build.0 = Release|Any CPU
		{5C8BD738-999B-4C18-B5A4-48144BF7E162}.Debug|Any CPU.ActiveCfg = Debug|Any CPU
		{5C8BD738-999B-4C18-B5A4-48144BF7E162}.Debug|Any CPU.Build.0 = Debug|Any CPU
		{5C8BD738-999B-4C18-B5A4-48144BF7E162}.Debug|x64.ActiveCfg = Debug|Any CPU
		{5C8BD738-999B-4C18-B5A4-48144BF7E162}.Debug|x64.Build.0 = Debug|Any CPU
		{5C8BD738-999B-4C18-B5A4-48144BF7E162}.Debug|x86.ActiveCfg = Debug|Any CPU
		{5C8BD738-999B-4C18-B5A4-48144BF7E162}.Debug|x86.Build.0 = Debug|Any CPU
		{5C8BD738-999B-4C18-B5A4-48144BF7E162}.Release|Any CPU.ActiveCfg = Release|Any CPU
		{5C8BD738-999B-4C18-B5A4-48144BF7E162}.Release|Any CPU.Build.0 = Release|Any CPU
		{5C8BD738-999B-4C18-B5A4-48144BF7E162}.Release|x64.ActiveCfg = Release|Any CPU
		{5C8BD738-999B-4C18-B5A4-48144BF7E162}.Release|x64.Build.0 = Release|Any CPU
		{5C8BD738-999B-4C18-B5A4-48144BF7E162}.Release|x86.ActiveCfg = Release|Any CPU
		{5C8BD738-999B-4C18-B5A4-48144BF7E162}.Release|x86.Build.0 = Release|Any CPU
		{95290DD8-CE09-4303-8BCC-2681DD2FFA54}.Debug|Any CPU.ActiveCfg = Debug|Any CPU
		{95290DD8-CE09-4303-8BCC-2681DD2FFA54}.Debug|Any CPU.Build.0 = Debug|Any CPU
		{95290DD8-CE09-4303-8BCC-2681DD2FFA54}.Debug|x64.ActiveCfg = Debug|Any CPU
		{95290DD8-CE09-4303-8BCC-2681DD2FFA54}.Debug|x64.Build.0 = Debug|Any CPU
		{95290DD8-CE09-4303-8BCC-2681DD2FFA54}.Debug|x86.ActiveCfg = Debug|Any CPU
		{95290DD8-CE09-4303-8BCC-2681DD2FFA54}.Debug|x86.Build.0 = Debug|Any CPU
		{95290DD8-CE09-4303-8BCC-2681DD2FFA54}.Release|Any CPU.ActiveCfg = Release|Any CPU
		{95290DD8-CE09-4303-8BCC-2681DD2FFA54}.Release|Any CPU.Build.0 = Release|Any CPU
		{95290DD8-CE09-4303-8BCC-2681DD2FFA54}.Release|x64.ActiveCfg = Release|Any CPU
		{95290DD8-CE09-4303-8BCC-2681DD2FFA54}.Release|x64.Build.0 = Release|Any CPU
		{95290DD8-CE09-4303-8BCC-2681DD2FFA54}.Release|x86.ActiveCfg = Release|Any CPU
		{95290DD8-CE09-4303-8BCC-2681DD2FFA54}.Release|x86.Build.0 = Release|Any CPU
	EndGlobalSection
	GlobalSection(SolutionProperties) = preSolution
		HideSolutionNode = FALSE
	EndGlobalSection
	GlobalSection(NestedProjects) = preSolution
		{CB4032C7-FA2A-4787-AE9A-83CF133B91C1} = {0AB3BF05-4346-4AA6-1389-037BE0695223}
		{D34FE9AF-2C89-4C58-BF91-5BB880A499F1} = {0AB3BF05-4346-4AA6-1389-037BE0695223}
		{5C8BD738-999B-4C18-B5A4-48144BF7E162} = {0AB3BF05-4346-4AA6-1389-037BE0695223}
		{95290DD8-CE09-4303-8BCC-2681DD2FFA54} = {0AB3BF05-4346-4AA6-1389-037BE0695223}
	EndGlobalSection
	GlobalSection(ExtensibilityGlobals) = postSolution
		SolutionGuid = {7B039A98-1DA3-402E-A64C-42B7901DE757}
	EndGlobalSection
EndGlobal
